{
    "_readme": [
        "This file locks the dependencies of your project to a known state",
        "Read more about it at https://getcomposer.org/doc/01-basic-usage.md#composer-lock-the-lock-file",
        "This file is @generated automatically"
    ],
    "hash": "6f13ff9c687bf25e8ab22746a840a021",
    "content-hash": "b39f24e7c305319243e575725fca021c",
    "packages": [
        {
            "name": "WordPress/WordPress",
            "version": "4.3",
            "dist": {
                "type": "zip",
                "url": "https://github.com/WordPress/WordPress/archive/4.3.zip",
                "reference": null,
                "shasum": null
            },
            "type": "library"
        },
        {
            "name": "composer/installers",
            "version": "v1.0.22",
            "source": {
                "type": "git",
                "url": "https://github.com/composer/installers.git",
                "reference": "bd9b14f094c89c8b5804a4e41edeb7853bb85046"
            },
            "dist": {
                "type": "zip",
                "url": "https://api.github.com/repos/composer/installers/zipball/bd9b14f094c89c8b5804a4e41edeb7853bb85046",
                "reference": "bd9b14f094c89c8b5804a4e41edeb7853bb85046",
                "shasum": ""
            },
            "require": {
                "composer-plugin-api": "1.0.0"
            },
            "replace": {
                "roundcube/plugin-installer": "*",
                "shama/baton": "*"
            },
            "require-dev": {
                "composer/composer": "1.0.*@dev",
                "phpunit/phpunit": "4.1.*"
            },
            "type": "composer-plugin",
            "extra": {
                "class": "Composer\\Installers\\Plugin",
                "branch-alias": {
                    "dev-master": "1.0-dev"
                }
            },
            "autoload": {
                "psr-0": {
                    "Composer\\Installers\\": "src/"
                }
            },
            "notification-url": "https://packagist.org/downloads/",
            "license": [
                "MIT"
            ],
            "authors": [
                {
                    "name": "Kyle Robinson Young",
                    "email": "kyle@dontkry.com",
                    "homepage": "https://github.com/shama"
                }
            ],
            "description": "A multi-framework Composer library installer",
            "homepage": "http://composer.github.com/installers/",
            "keywords": [
                "Craft",
                "Dolibarr",
                "Hurad",
                "MODX Evo",
                "OXID",
                "SMF",
                "Thelia",
                "WolfCMS",
                "agl",
                "aimeos",
                "annotatecms",
                "bitrix",
                "cakephp",
                "chef",
                "codeigniter",
                "concrete5",
                "croogo",
                "dokuwiki",
                "drupal",
                "elgg",
                "fuelphp",
                "grav",
                "installer",
                "joomla",
                "kohana",
                "laravel",
                "lithium",
                "magento",
                "mako",
                "mediawiki",
                "modulework",
                "moodle",
                "phpbb",
                "piwik",
                "ppi",
                "puppet",
                "roundcube",
                "shopware",
                "silverstripe",
                "symfony",
                "typo3",
                "wordpress",
                "zend",
                "zikula"
            ],
            "time": "2015-10-29 23:28:48"
        },
        {
            "name": "vlucas/phpdotenv",
            "version": "v1.0.9",
            "source": {
                "type": "git",
                "url": "https://github.com/vlucas/phpdotenv.git",
                "reference": "56c252d48dce336da97926591aed71805203815b"
            },
            "dist": {
                "type": "zip",
                "url": "https://api.github.com/repos/vlucas/phpdotenv/zipball/56c252d48dce336da97926591aed71805203815b",
                "reference": "56c252d48dce336da97926591aed71805203815b",
                "shasum": ""
            },
            "require": {
                "php": ">=5.3.2"
            },
            "require-dev": {
                "phpunit/phpunit": "~4.0"
            },
            "type": "library",
            "extra": {
                "branch-alias": {
                    "dev-master": "1.0-dev"
                }
            },
            "autoload": {
                "psr-0": {
                    "Dotenv": "src/"
                }
            },
            "notification-url": "https://packagist.org/downloads/",
            "license": [
                "BSD"
            ],
            "authors": [
                {
                    "name": "Vance Lucas",
                    "email": "vance@vancelucas.com",
                    "homepage": "http://www.vancelucas.com"
                }
            ],
            "description": "Loads environment variables from `.env` to `getenv()`, `$_ENV` and `$_SERVER` automagically.",
            "homepage": "http://github.com/vlucas/phpdotenv",
            "keywords": [
                "dotenv",
                "env",
                "environment"
            ],
            "time": "2014-10-16 14:50:21"
        },
        {
            "name": "wpackagist-plugin/authy-two-factor-authentication",
            "version": "2.5.5",
            "source": {
                "type": "svn",
                "url": "http://plugins.svn.wordpress.org/authy-two-factor-authentication/",
                "reference": "tags/2.5.5"
            },
            "dist": {
                "type": "zip",
                "url": "https://downloads.wordpress.org/plugin/authy-two-factor-authentication.2.5.5.zip",
                "reference": null,
                "shasum": null
            },
            "require": {
                "composer/installers": "~1.0"
            },
            "type": "wordpress-plugin",
            "homepage": "https://wordpress.org/plugins/authy-two-factor-authentication/"
        },
        {
            "name": "wpackagist-plugin/baw-moderator-role",
            "version": "dev-trunk",
            "source": {
                "type": "svn",
                "url": "http://plugins.svn.wordpress.org/baw-moderator-role/",
                "reference": "trunk"
            },
            "dist": {
                "type": "zip",
                "url": "https://downloads.wordpress.org/plugin/baw-moderator-role.zip",
                "reference": null,
                "shasum": null
            },
            "require": {
                "composer/installers": "~1.0"
            },
            "type": "wordpress-plugin",
            "homepage": "https://wordpress.org/plugins/baw-moderator-role/",
            "time": "2015-08-12 00:00:03"
        },
        {
            "name": "wpackagist-plugin/contact-form-7",
            "version": "4.0.2",
            "source": {
                "type": "svn",
                "url": "http://plugins.svn.wordpress.org/contact-form-7/",
                "reference": "tags/4.0.2"
            },
            "dist": {
                "type": "zip",
                "url": "https://downloads.wordpress.org/plugin/contact-form-7.4.0.2.zip",
                "reference": null,
                "shasum": null
            },
            "require": {
                "composer/installers": "~1.0"
            },
            "type": "wordpress-plugin",
            "homepage": "https://wordpress.org/plugins/contact-form-7/"
        },
        {
            "name": "wpackagist-plugin/file-away",
            "version": "dev-trunk",
            "source": {
                "type": "svn",
                "url": "http://plugins.svn.wordpress.org/file-away/",
                "reference": "trunk"
            },
            "dist": {
                "type": "zip",
                "url": "https://downloads.wordpress.org/plugin/file-away.zip",
                "reference": null,
                "shasum": null
            },
            "require": {
                "composer/installers": "~1.0"
            },
            "type": "wordpress-plugin",
            "homepage": "https://wordpress.org/plugins/file-away/",
            "time": "2015-08-25 17:26:11"
        },
        {
            "name": "wpackagist-plugin/jetpack",
            "version": "3.7.2",
            "source": {
                "type": "svn",
                "url": "http://plugins.svn.wordpress.org/jetpack/",
                "reference": "tags/3.7.2"
            },
            "dist": {
                "type": "zip",
                "url": "https://downloads.wordpress.org/plugin/jetpack.3.7.2.zip",
                "reference": null,
                "shasum": null
            },
            "require": {
                "composer/installers": "~1.0"
            },
            "type": "wordpress-plugin",
            "homepage": "https://wordpress.org/plugins/jetpack/"
        },
        {
            "name": "wpackagist-plugin/link-manager",
            "version": "dev-trunk",
            "source": {
                "type": "svn",
                "url": "http://plugins.svn.wordpress.org/link-manager/",
                "reference": "trunk"
            },
            "dist": {
                "type": "zip",
                "url": "https://downloads.wordpress.org/plugin/link-manager.zip",
                "reference": null,
                "shasum": null
            },
            "require": {
                "composer/installers": "~1.0"
            },
            "type": "wordpress-plugin",
            "homepage": "https://wordpress.org/plugins/link-manager/",
            "time": "2012-08-16 23:57:10"
        },
        {
            "name": "wpackagist-plugin/sendgrid-email-delivery-simplified",
            "version": "1.6.5",
            "source": {
                "type": "svn",
                "url": "http://plugins.svn.wordpress.org/sendgrid-email-delivery-simplified/",
                "reference": "trunk"
            },
            "dist": {
                "type": "zip",
                "url": "https://downloads.wordpress.org/plugin/sendgrid-email-delivery-simplified.zip",
                "reference": null,
                "shasum": null
            },
            "require": {
                "composer/installers": "~1.0"
            },
            "type": "wordpress-plugin",
            "homepage": "https://wordpress.org/plugins/sendgrid-email-delivery-simplified/"
        },
        {
            "name": "wpackagist-plugin/simple-share-buttons-adder",
            "version": "dev-trunk",
            "source": {
                "type": "svn",
                "url": "http://plugins.svn.wordpress.org/simple-share-buttons-adder/",
                "reference": "trunk"
            },
            "dist": {
                "type": "zip",
                "url": "https://downloads.wordpress.org/plugin/simple-share-buttons-adder.zip",
                "reference": null,
                "shasum": null
            },
            "require": {
                "composer/installers": "~1.0"
            },
            "type": "wordpress-plugin",
            "homepage": "https://wordpress.org/plugins/simple-share-buttons-adder/",
            "time": "2015-10-26 09:53:52"
        },
        {
            "name": "wpackagist-plugin/wp-mail-smtp",
            "version": "0.9.5",
            "source": {
                "type": "svn",
                "url": "http://plugins.svn.wordpress.org/wp-mail-smtp/",
                "reference": "tags/0.9.5"
            },
            "dist": {
                "type": "zip",
                "url": "https://downloads.wordpress.org/plugin/wp-mail-smtp.0.9.5.zip",
                "reference": null,
                "shasum": null
            },
            "require": {
                "composer/installers": "~1.0"
            },
            "type": "wordpress-plugin",
            "homepage": "https://wordpress.org/plugins/wp-mail-smtp/"
        },
        {
            "name": "wpackagist-plugin/wp-permastructure",
            "version": "1.3",
            "source": {
                "type": "svn",
                "url": "http://plugins.svn.wordpress.org/wp-permastructure/",
                "reference": "tags/1.3"
            },
            "dist": {
                "type": "zip",
                "url": "https://downloads.wordpress.org/plugin/wp-permastructure.1.3.zip",
                "reference": null,
                "shasum": null
            },
            "require": {
                "composer/installers": "~1.0"
            },
            "type": "wordpress-plugin",
            "homepage": "https://wordpress.org/plugins/wp-permastructure/"
        },
        {
            "name": "wpackagist-plugin/wpro",
            "version": "1.0",
            "source": {
                "type": "svn",
                "url": "http://plugins.svn.wordpress.org/wpro/",
                "reference": "tags/1.0"
            },
            "dist": {
                "type": "zip",
                "url": "https://downloads.wordpress.org/plugin/wpro.1.0.zip",
                "reference": null,
                "shasum": null
            },
            "require": {
                "composer/installers": "~1.0"
            },
            "type": "wordpress-plugin",
            "homepage": "https://wordpress.org/plugins/wpro/"
        },
        {
            "name": "wpackagist-theme/pinbin",
            "version": "1.4.7",
            "source": {
                "type": "svn",
                "url": "http://themes.svn.wordpress.org/pinbin/",
                "reference": "1.4.7"
            },
            "dist": {
                "type": "zip",
                "url": "https://downloads.wordpress.org/theme/pinbin.1.4.7.zip",
                "reference": null,
                "shasum": null
            },
            "require": {
                "composer/installers": "~1.0"
            },
            "type": "wordpress-theme",
            "homepage": "https://wordpress.org/themes/pinbin/"
        }
    ],
    "packages-dev": [],
    "aliases": [],
    "minimum-stability": "stable",
    "stability-flags": {
        "wpackagist-plugin/baw-moderator-role": 20,
        "wpackagist-plugin/link-manager": 20,
        "wpackagist-plugin/simple-share-buttons-adder": 20,
        "wpackagist-plugin/file-away": 20
    },
    "prefer-stable": false,
    "prefer-lowest": false,
    "platform": {
        "hhvm": "~3.2"
    },
    "platform-dev": []
}
